
Microsoft Visual Studio Solution File, Format Version 12.00
# Visual Studio Version 16
VisualStudioVersion = 16.0.29926.136
MinimumVisualStudioVersion = 10.0.40219.1
Project("{9A19103F-16F7-4668-BE54-9A1E7A4F7556}") = "ServerlessFuncs", "ServerlessFuncs.csproj", "{8FF6FF82-E506-4FDD-A070-076BFF418B5D}"
EndProject
Global
	GlobalSection(SolutionConfigurationPlatforms) = preSolution
		Debug|Any CPU = Debug|Any CPU
		Release|Any CPU = Release|Any CPU
	EndGlobalSection
	GlobalSection(ProjectConfigurationPlatforms) = postSolution
		{8FF6FF82-E506-4FDD-A070-076BFF418B5D}.Debug|Any CPU.ActiveCfg = Debug|Any CPU
		{8FF6FF82-E506-4FDD-A070-076BFF418B5D}.Debug|Any CPU.Build.0 = Debug|Any CPU
		{8FF6FF82-E506-4FDD-A070-076BFF418B5D}.Release|Any CPU.ActiveCfg = Release|Any CPU
		{8FF6FF82-E506-4FDD-A070-076BFF418B5D}.Release|Any CPU.Build.0 = Release|Any CPU
	EndGlobalSection
	GlobalSection(SolutionProperties) = preSolution
		HideSolutionNode = FALSE
	EndGlobalSection
	GlobalSection(ExtensibilityGlobals) = postSolution
		SolutionGuid = {E83BCC24-A6DE-4318-8295-4E2182D029B2}
	EndGlobalSection
EndGlobal
